{
  "R": {
    "Version": "4.2.2",
    "Repositories": [
      {
        "Name": "CRAN",
        "URL": "https://packagemanager.posit.co/cran/latest"
      }
    ]
  },
  "Bioconductor": {
    "Version": "3.16"
  },
  "Packages": {
    "AnnotationDbi": {
      "Package": "AnnotationDbi",
      "Version": "1.60.2",
      "Source": "Bioconductor",
      "git_url": "https://git.bioconductor.org/packages/AnnotationDbi",
      "git_branch": "RELEASE_3_16",
      "git_last_commit": "eebebb2",
      "git_last_commit_date": "2023-03-09",
      "Requirements": [
        "Biobase",
        "BiocGenerics",
        "DBI",
        "IRanges",
        "KEGGREST",
        "R",
        "RSQLite",
        "S4Vectors",
        "methods",
        "stats",
        "stats4",
        "utils"
      ],
      "Hash": "14966d2e5ffaa621945cc2b9a115f377"
    },
    "BH": {
      "Package": "BH",
      "Version": "1.87.0-1",
      "Source": "Repository",
      "Repository": "RSPM",
      "Hash": "468d9a03ba57f22ebde50060fd13ba9f"
    },
    "Biobase": {
      "Package": "Biobase",
      "Version": "2.58.0",
      "Source": "Bioconductor",
      "git_url": "https://git.bioconductor.org/packages/Biobase",
      "git_branch": "RELEASE_3_16",
      "git_last_commit": "767f2f3",
      "git_last_commit_date": "2022-11-01",
      "Requirements": [
        "BiocGenerics",
        "R",
        "methods",
        "utils"
      ],
      "Hash": "96e8b620897cc9a03deff4097fa8b265"
    },
    "BiocGenerics": {
      "Package": "BiocGenerics",
      "Version": "0.44.0",
      "Source": "Bioconductor",
      "git_url": "https://git.bioconductor.org/packages/BiocGenerics",
      "git_branch": "RELEASE_3_16",
      "git_last_commit": "d7cd9c1",
      "git_last_commit_date": "2022-11-01",
      "Requirements": [
        "R",
        "graphics",
        "methods",
        "stats",
        "utils"
      ],
      "Hash": "0de19224c2cd94f48fbc0d0bc663ce3b"
    },
    "BiocManager": {
      "Package": "BiocManager",
      "Version": "1.30.26",
      "Source": "Repository",
      "Repository": "RSPM",
      "Requirements": [
        "utils"
      ],
      "Hash": "2db62ff6044e2c49f466f0cc9a21c149"
    },
    "BiocNeighbors": {
      "Package": "BiocNeighbors",
      "Version": "1.16.0",
      "Source": "Bioconductor",
      "git_url": "https://git.bioconductor.org/packages/BiocNeighbors",
      "git_branch": "RELEASE_3_16",
      "git_last_commit": "3b227be",
      "git_last_commit_date": "2022-11-01",
      "Requirements": [
        "BiocParallel",
        "Matrix",
        "Rcpp",
        "RcppHNSW",
        "S4Vectors",
        "methods",
        "stats"
      ],
      "Hash": "bba97fb1188d42a61745e88404db276a"
    },
    "BiocParallel": {
      "Package": "BiocParallel",
      "Version": "1.32.6",
      "Source": "Bioconductor",
      "git_url": "https://git.bioconductor.org/packages/BiocParallel",
      "git_branch": "RELEASE_3_16",
      "git_last_commit": "994f4e7",
      "git_last_commit_date": "2023-03-17",
      "Requirements": [
        "BH",
        "R",
        "codetools",
        "cpp11",
        "futile.logger",
        "methods",
        "parallel",
        "snow",
        "stats",
        "utils"
      ],
      "Hash": "bcdac842fb312bb25f9f82bc141889e5"
    },
    "BiocSingular": {
      "Package": "BiocSingular",
      "Version": "1.14.0",
      "Source": "Bioconductor",
      "git_url": "https://git.bioconductor.org/packages/BiocSingular",
      "git_branch": "RELEASE_3_16",
      "git_last_commit": "6dc42b3",
      "git_last_commit_date": "2022-11-01",
      "Requirements": [
        "BiocGenerics",
        "BiocParallel",
        "DelayedArray",
        "Matrix",
        "Rcpp",
        "S4Vectors",
        "ScaledMatrix",
        "beachmat",
        "irlba",
        "methods",
        "rsvd",
        "utils"
      ],
      "Hash": "0a4d96a26e7482c2806cb8c9e1175734"
    },
    "Biostrings": {
      "Package": "Biostrings",
      "Version": "2.66.0",
      "Source": "Bioconductor",
      "git_url": "https://git.bioconductor.org/packages/Biostrings",
      "git_branch": "RELEASE_3_16",
      "git_last_commit": "3470ca7",
      "git_last_commit_date": "2022-11-01",
      "Requirements": [
        "BiocGenerics",
        "GenomeInfoDb",
        "IRanges",
        "R",
        "S4Vectors",
        "XVector",
        "crayon",
        "grDevices",
        "graphics",
        "methods",
        "stats",
        "utils"
      ],
      "Hash": "5666d0758c6dea426c81b3f644c28eaf"
    },
    "DBI": {
      "Package": "DBI",
      "Version": "1.2.3",
      "Source": "Repository",
      "Repository": "RSPM",
      "Requirements": [
        "R",
        "methods"
      ],
      "Hash": "065ae649b05f1ff66bb0c793107508f5"
    },
    "DelayedArray": {
      "Package": "DelayedArray",
      "Version": "0.24.0",
      "Source": "Bioconductor",
      "git_url": "https://git.bioconductor.org/packages/DelayedArray",
      "git_branch": "RELEASE_3_16",
      "git_last_commit": "68ee3d0",
      "git_last_commit_date": "2022-11-01",
      "Requirements": [
        "BiocGenerics",
        "IRanges",
        "Matrix",
        "MatrixGenerics",
        "R",
        "S4Vectors",
        "methods",
        "stats",
        "stats4"
      ],
      "Hash": "51da2aa8f52a4f3f08b65a8f1c62530e"
    },
    "DelayedMatrixStats": {
      "Package": "DelayedMatrixStats",
      "Version": "1.20.0",
      "Source": "Bioconductor",
      "git_url": "https://git.bioconductor.org/packages/DelayedMatrixStats",
      "git_branch": "RELEASE_3_16",
      "git_last_commit": "1ed1425",
      "git_last_commit_date": "2022-11-01",
      "Requirements": [
        "DelayedArray",
        "IRanges",
        "Matrix",
        "MatrixGenerics",
        "S4Vectors",
        "matrixStats",
        "methods",
        "sparseMatrixStats"
      ],
      "Hash": "c452254402b273ade2caf8519985bc4b"
    },
    "GO.db": {
      "Package": "GO.db",
      "Version": "3.16.0",
      "Source": "Bioconductor",
      "Requirements": [
        "AnnotationDbi",
        "R",
        "methods"
      ],
      "Hash": "21c1446b676a6a58bc1e4154755fc65d"
    },
    "GenomeInfoDb": {
      "Package": "GenomeInfoDb",
      "Version": "1.34.9",
      "Source": "Bioconductor",
      "git_url": "https://git.bioconductor.org/packages/GenomeInfoDb",
      "git_branch": "RELEASE_3_16",
      "git_last_commit": "24d7cb9",
      "git_last_commit_date": "2023-02-02",
      "Requirements": [
        "BiocGenerics",
        "GenomeInfoDbData",
        "IRanges",
        "R",
        "RCurl",
        "S4Vectors",
        "methods",
        "stats",
        "stats4",
        "utils"
      ],
      "Hash": "c8adcafcf06ec6681c35eafa837c69bb"
    },
    "GenomeInfoDbData": {
      "Package": "GenomeInfoDbData",
      "Version": "1.2.9",
      "Source": "Bioconductor",
      "Requirements": [
        "R"
      ],
      "Hash": "618b1efac0f8b8c130afac3e0eafd47c"
    },
    "GenomicRanges": {
      "Package": "GenomicRanges",
      "Version": "1.50.2",
      "Source": "Bioconductor",
      "git_url": "https://git.bioconductor.org/packages/GenomicRanges",
      "git_branch": "RELEASE_3_16",
      "git_last_commit": "6125839",
      "git_last_commit_date": "2022-12-15",
      "Requirements": [
        "BiocGenerics",
        "GenomeInfoDb",
        "IRanges",
        "R",
        "S4Vectors",
        "XVector",
        "methods",
        "stats",
        "stats4",
        "utils"
      ],
      "Hash": "24a5b855811e94b5bd9365a11fe5b2a8"
    },
    "HDF5Array": {
      "Package": "HDF5Array",
      "Version": "1.26.0",
      "Source": "Bioconductor",
      "git_url": "https://git.bioconductor.org/packages/HDF5Array",
      "git_branch": "RELEASE_3_16",
      "git_last_commit": "38b7bd6",
      "git_last_commit_date": "2022-11-01",
      "Requirements": [
        "BiocGenerics",
        "DelayedArray",
        "IRanges",
        "Matrix",
        "R",
        "Rhdf5lib",
        "S4Vectors",
        "methods",
        "rhdf5",
        "rhdf5filters",
        "stats",
        "tools",
        "utils"
      ],
      "Hash": "47551501a292037411c49c38d236ff24"
    },
    "IRanges": {
      "Package": "IRanges",
      "Version": "2.32.0",
      "Source": "Bioconductor",
      "git_url": "https://git.bioconductor.org/packages/IRanges",
      "git_branch": "RELEASE_3_16",
      "git_last_commit": "2b5c9fc",
      "git_last_commit_date": "2022-11-01",
      "Requirements": [
        "BiocGenerics",
        "R",
        "S4Vectors",
        "methods",
        "stats",
        "stats4",
        "utils"
      ],
      "Hash": "c4d63bc50829c9d3ac6d4500bea17b06"
    },
    "KEGGREST": {
      "Package": "KEGGREST",
      "Version": "1.38.0",
      "Source": "Bioconductor",
      "git_url": "https://git.bioconductor.org/packages/KEGGREST",
      "git_branch": "RELEASE_3_16",
      "git_last_commit": "4dfbff9",
      "git_last_commit_date": "2022-11-01",
      "Requirements": [
        "Biostrings",
        "R",
        "httr",
        "methods",
        "png"
      ],
      "Hash": "c868da6f0062c0b977823dec78e92b67"
    },
    "MASS": {
      "Package": "MASS",
      "Version": "7.3-58.3",
      "Source": "Repository",
      "Repository": "RSPM",
      "Requirements": [
        "R",
        "grDevices",
        "graphics",
        "methods",
        "stats",
        "utils"
      ],
      "Hash": "9586b552d57f5516fe4d25398c1bacd6"
    },
    "Matrix": {
      "Package": "Matrix",
      "Version": "1.5-3",
      "Source": "Repository",
      "Repository": "RSPM",
      "Requirements": [
        "R",
        "graphics",
        "grid",
        "lattice",
        "methods",
        "stats",
        "utils"
      ],
      "Hash": "4006dffe49958d2dd591c17e61e60591"
    },
    "MatrixGenerics": {
      "Package": "MatrixGenerics",
      "Version": "1.10.0",
      "Source": "Bioconductor",
      "git_url": "https://git.bioconductor.org/packages/MatrixGenerics",
      "git_branch": "RELEASE_3_16",
      "git_last_commit": "6d9d907",
      "git_last_commit_date": "2022-11-01",
      "Requirements": [
        "matrixStats",
        "methods"
      ],
      "Hash": "0e510b9ce6c89e37c2ed562a624afbe0"
    },
    "R6": {
      "Package": "R6",
      "Version": "2.6.1",
      "Source": "Repository",
      "Repository": "RSPM",
      "Requirements": [
        "R"
      ],
      "Hash": "d4335fe7207f1c01ab8c41762f5840d4"
    },
    "RColorBrewer": {
      "Package": "RColorBrewer",
      "Version": "1.1-3",
      "Source": "Repository",
      "Repository": "RSPM",
      "Requirements": [
        "R"
      ],
      "Hash": "45f0398006e83a5b10b72a90663d8d8c"
    },
    "RCurl": {
      "Package": "RCurl",
      "Version": "1.98-1.17",
      "Source": "Repository",
      "Repository": "RSPM",
      "Requirements": [
        "R",
        "bitops",
        "methods"
      ],
      "Hash": "cdea3a855cc0e4bea3805ddfb6b231f7"
    },
    "RSQLite": {
      "Package": "RSQLite",
      "Version": "2.4.2",
      "Source": "Repository",
      "Repository": "RSPM",
      "Requirements": [
        "DBI",
        "R",
        "bit64",
        "blob",
        "cpp11",
        "memoise",
        "methods",
        "pkgconfig",
        "plogr",
        "rlang"
      ],
      "Hash": "50090fc22e3c733bdb49200e4790abf4"
    },
    "Rcpp": {
      "Package": "Rcpp",
      "Version": "1.1.0",
      "Source": "Repository",
      "Repository": "RSPM",
      "Requirements": [
        "methods",
        "utils"
      ],
      "Hash": "0d3d8867aa41b0d9ad113b50c169ecb2"
    },
    "RcppHNSW": {
      "Package": "RcppHNSW",
      "Version": "0.6.0",
      "Source": "Repository",
      "Repository": "RSPM",
      "Requirements": [
        "Rcpp",
        "methods"
      ],
      "Hash": "1f2dc32c27746a35196aaf95adb357be"
    },
    "Rhdf5lib": {
      "Package": "Rhdf5lib",
      "Version": "1.20.0",
      "Source": "Bioconductor",
      "git_url": "https://git.bioconductor.org/packages/Rhdf5lib",
      "git_branch": "RELEASE_3_16",
      "git_last_commit": "7606799",
      "git_last_commit_date": "2022-11-01",
      "Requirements": [
        "R"
      ],
      "Hash": "66fbe0c49a27fe0a17182554f14f7fbc"
    },
    "S4Vectors": {
      "Package": "S4Vectors",
      "Version": "0.36.2",
      "Source": "Bioconductor",
      "git_url": "https://git.bioconductor.org/packages/S4Vectors",
      "git_branch": "RELEASE_3_16",
      "git_last_commit": "1671008",
      "git_last_commit_date": "2023-02-25",
      "Requirements": [
        "BiocGenerics",
        "R",
        "methods",
        "stats",
        "stats4",
        "utils"
      ],
      "Hash": "8f371bac4b09106b66aeff10b85bd933"
    },
    "ScaledMatrix": {
      "Package": "ScaledMatrix",
      "Version": "1.6.0",
      "Source": "Bioconductor",
      "git_url": "https://git.bioconductor.org/packages/ScaledMatrix",
      "git_branch": "RELEASE_3_16",
      "git_last_commit": "45a29d3",
      "git_last_commit_date": "2022-11-01",
      "Requirements": [
        "DelayedArray",
        "Matrix",
        "S4Vectors",
        "methods"
      ],
      "Hash": "ab2ab2756dfa8a7b3ac5dc6671bf2438"
    },
    "SingleCellExperiment": {
      "Package": "SingleCellExperiment",
      "Version": "1.20.1",
      "Source": "Bioconductor",
      "git_url": "https://git.bioconductor.org/packages/SingleCellExperiment",
      "git_branch": "RELEASE_3_16",
      "git_last_commit": "45f87e8",
      "git_last_commit_date": "2023-03-15",
      "Requirements": [
        "BiocGenerics",
        "DelayedArray",
        "GenomicRanges",
        "S4Vectors",
        "SummarizedExperiment",
        "methods",
        "stats",
        "utils"
      ],
      "Hash": "4215e703af8f32ea5c1d5015a479ea09"
    },
    "SummarizedExperiment": {
      "Package": "SummarizedExperiment",
      "Version": "1.28.0",
      "Source": "Bioconductor",
      "git_url": "https://git.bioconductor.org/packages/SummarizedExperiment",
      "git_branch": "RELEASE_3_16",
      "git_last_commit": "ba55dac",
      "git_last_commit_date": "2022-11-01",
      "Requirements": [
        "Biobase",
        "BiocGenerics",
        "DelayedArray",
        "GenomeInfoDb",
        "GenomicRanges",
        "IRanges",
        "Matrix",
        "MatrixGenerics",
        "R",
        "S4Vectors",
        "methods",
        "stats",
        "tools",
        "utils"
      ],
      "Hash": "ae913ff30bce222686e66e45448fcfb6"
    },
    "XVector": {
      "Package": "XVector",
      "Version": "0.38.0",
      "Source": "Bioconductor",
      "git_url": "https://git.bioconductor.org/packages/XVector",
      "git_branch": "RELEASE_3_16",
      "git_last_commit": "8cad084",
      "git_last_commit_date": "2022-11-01",
      "Requirements": [
        "BiocGenerics",
        "IRanges",
        "R",
        "S4Vectors",
        "methods",
        "tools",
        "utils",
        "zlibbioc"
      ],
      "Hash": "83b80e46ac75044bc7516d0dc8116165"
    },
    "askpass": {
      "Package": "askpass",
      "Version": "1.2.1",
      "Source": "Repository",
      "Repository": "RSPM",
      "Requirements": [
        "sys"
      ],
      "Hash": "c39f4155b3ceb1a9a2799d700fbd4b6a"
    },
    "beachmat": {
      "Package": "beachmat",
      "Version": "2.14.2",
      "Source": "Bioconductor",
      "git_url": "https://git.bioconductor.org/packages/beachmat",
      "git_branch": "RELEASE_3_16",
      "git_last_commit": "bfc3e8a",
      "git_last_commit_date": "2023-04-06",
      "Requirements": [
        "BiocGenerics",
        "DelayedArray",
        "Matrix",
        "Rcpp",
        "methods"
      ],
      "Hash": "784f8d8a92d594873d803900790d439a"
    },
    "bit": {
      "Package": "bit",
      "Version": "4.6.0",
      "Source": "Repository",
      "Repository": "RSPM",
      "Requirements": [
        "R"
      ],
      "Hash": "ebe86ffd194564abdc895d87742d5a29"
    },
    "bit64": {
      "Package": "bit64",
      "Version": "4.6.0-1",
      "Source": "Repository",
      "Repository": "RSPM",
      "Requirements": [
        "R",
        "bit",
        "graphics",
        "methods",
        "stats",
        "utils"
      ],
      "Hash": "4f572fbc586294afff277db583b9060f"
    },
    "bitops": {
      "Package": "bitops",
      "Version": "1.0-9",
      "Source": "Repository",
      "Repository": "RSPM",
      "Hash": "d972ef991d58c19e6efa71b21f5e144b"
    },
    "blob": {
      "Package": "blob",
      "Version": "1.2.4",
      "Source": "Repository",
      "Repository": "RSPM",
      "Requirements": [
        "methods",
        "rlang",
        "vctrs"
      ],
      "Hash": "40415719b5a479b87949f3aa0aee737c"
    },
    "bluster": {
      "Package": "bluster",
      "Version": "1.8.0",
      "Source": "Bioconductor",
      "git_url": "https://git.bioconductor.org/packages/bluster",
      "git_branch": "RELEASE_3_16",
      "git_last_commit": "156115c",
      "git_last_commit_date": "2022-11-01",
      "Requirements": [
        "BiocNeighbors",
        "BiocParallel",
        "Matrix",
        "Rcpp",
        "S4Vectors",
        "cluster",
        "igraph",
        "methods",
        "stats",
        "utils"
      ],
      "Hash": "5c698967bd2dda8f96e33333c28170e1"
    },
    "cachem": {
      "Package": "cachem",
      "Version": "1.1.0",
      "Source": "Repository",
      "Repository": "RSPM",
      "Requirements": [
        "fastmap",
        "rlang"
      ],
      "Hash": "cd9a672193789068eb5a2aad65a0dedf"
    },
    "cli": {
      "Package": "cli",
      "Version": "3.6.5",
      "Source": "Repository",
      "Repository": "RSPM",
      "Requirements": [
        "R",
        "utils"
      ],
      "Hash": "16850760556401a2eeb27d39bd11c9cb"
    },
    "clipr": {
      "Package": "clipr",
      "Version": "0.8.0",
      "Source": "Repository",
      "Repository": "RSPM",
      "Requirements": [
        "utils"
      ],
      "Hash": "3f038e5ac7f41d4ac41ce658c85e3042"
    },
    "cluster": {
      "Package": "cluster",
      "Version": "2.1.4",
      "Source": "Repository",
      "Repository": "CRAN",
      "Requirements": [
        "R",
        "grDevices",
        "graphics",
        "stats",
        "utils"
      ],
      "Hash": "5edbbabab6ce0bf7900a74fd4358628e"
    },
    "codetools": {
      "Package": "codetools",
      "Version": "0.2-19",
      "Source": "Repository",
      "Repository": "RSPM",
      "Requirements": [
        "R"
      ],
      "Hash": "c089a619a7fae175d149d89164f8c7d8"
    },
    "cpp11": {
      "Package": "cpp11",
      "Version": "0.5.2",
      "Source": "Repository",
      "Repository": "RSPM",
      "Requirements": [
        "R"
      ],
      "Hash": "2720e3fd3dad08f34b19b56b3d6f073d"
    },
    "crayon": {
      "Package": "crayon",
      "Version": "1.5.3",
      "Source": "Repository",
      "Repository": "RSPM",
      "Requirements": [
        "grDevices",
        "methods",
        "utils"
      ],
      "Hash": "859d96e65ef198fd43e82b9628d593ef"
    },
    "curl": {
      "Package": "curl",
      "Version": "6.4.0",
      "Source": "Repository",
      "Repository": "RSPM",
      "Requirements": [
        "R"
      ],
      "Hash": "a331a41f5a999c2b59fdff9f48ac579f"
    },
    "dplyr": {
      "Package": "dplyr",
      "Version": "1.1.4",
      "Source": "Repository",
      "Repository": "RSPM",
      "Requirements": [
        "R",
        "R6",
        "cli",
        "generics",
        "glue",
        "lifecycle",
        "magrittr",
        "methods",
        "pillar",
        "rlang",
        "tibble",
        "tidyselect",
        "utils",
        "vctrs"
      ],
      "Hash": "fedd9d00c2944ff00a0e2696ccf048ec"
    },
    "dqrng": {
      "Package": "dqrng",
      "Version": "0.4.1",
      "Source": "Repository",
      "Repository": "RSPM",
      "Requirements": [
        "BH",
        "R",
        "Rcpp",
        "sitmo"
      ],
      "Hash": "6d7b942d8f615705f89a7883998fc839"
    },
    "edgeR": {
      "Package": "edgeR",
      "Version": "3.40.2",
      "Source": "Bioconductor",
      "git_url": "https://git.bioconductor.org/packages/edgeR",
      "git_branch": "RELEASE_3_16",
      "git_last_commit": "ddb1cb9",
      "git_last_commit_date": "2023-01-19",
      "Requirements": [
        "R",
        "Rcpp",
        "graphics",
        "limma",
        "locfit",
        "methods",
        "stats",
        "utils"
      ],
      "Hash": "e5ea1fc0a6bb6213941c8be214bf493d"
    },
    "farver": {
      "Package": "farver",
      "Version": "2.1.2",
      "Source": "Repository",
      "Repository": "RSPM",
      "Hash": "680887028577f3fa2a81e410ed0d6e42"
    },
    "fastmap": {
      "Package": "fastmap",
      "Version": "1.2.0",
      "Source": "Repository",
      "Repository": "RSPM",
      "Hash": "aa5e1cd11c2d15497494c5292d7ffcc8"
    },
    "formatR": {
      "Package": "formatR",
      "Version": "1.14",
      "Source": "Repository",
      "Repository": "RSPM",
      "Requirements": [
        "R"
      ],
      "Hash": "63cb26d12517c7863f5abb006c5e0f25"
    },
    "futile.logger": {
      "Package": "futile.logger",
      "Version": "1.4.3",
      "Source": "Repository",
      "Repository": "RSPM",
      "Requirements": [
        "R",
        "futile.options",
        "lambda.r",
        "utils"
      ],
      "Hash": "99f0ace8c05ec7d3683d27083c4f1e7e"
    },
    "futile.options": {
      "Package": "futile.options",
      "Version": "1.0.1",
      "Source": "Repository",
      "Repository": "RSPM",
      "Requirements": [
        "R"
      ],
      "Hash": "0d9bf02413ddc2bbe8da9ce369dcdd2b"
    },
    "generics": {
      "Package": "generics",
      "Version": "0.1.4",
      "Source": "Repository",
      "Repository": "RSPM",
      "Requirements": [
        "R",
        "methods"
      ],
      "Hash": "4b29bf698d0c7bdb9f1e4976e7ade41d"
    },
    "ggplot2": {
      "Package": "ggplot2",
      "Version": "3.5.2",
      "Source": "Repository",
      "Repository": "RSPM",
      "Requirements": [
        "MASS",
        "R",
        "cli",
        "glue",
        "grDevices",
        "grid",
        "gtable",
        "isoband",
        "lifecycle",
        "mgcv",
        "rlang",
        "scales",
        "stats",
        "tibble",
        "vctrs",
        "withr"
      ],
      "Hash": "7ad64861e028a777d7d67ff83231b548"
    },
    "glue": {
      "Package": "glue",
      "Version": "1.8.0",
      "Source": "Repository",
      "Repository": "RSPM",
      "Requirements": [
        "R",
        "methods"
      ],
      "Hash": "5899f1eaa825580172bb56c08266f37c"
    },
    "gtable": {
      "Package": "gtable",
      "Version": "0.3.6",
      "Source": "Repository",
      "Repository": "RSPM",
      "Requirements": [
        "R",
        "cli",
        "glue",
        "grid",
        "lifecycle",
        "rlang",
        "stats"
      ],
      "Hash": "de949855009e2d4d0e52a844e30617ae"
    },
    "hms": {
      "Package": "hms",
      "Version": "1.1.3",
      "Source": "Repository",
      "Repository": "RSPM",
      "Requirements": [
        "lifecycle",
        "methods",
        "pkgconfig",
        "rlang",
        "vctrs"
      ],
      "Hash": "b59377caa7ed00fa41808342002138f9"
    },
    "httr": {
      "Package": "httr",
      "Version": "1.4.7",
      "Source": "Repository",
      "Repository": "RSPM",
      "Requirements": [
        "R",
        "R6",
        "curl",
        "jsonlite",
        "mime",
        "openssl"
      ],
      "Hash": "ac107251d9d9fd72f0ca8049988f1d7f"
    },
    "igraph": {
      "Package": "igraph",
      "Version": "2.1.4",
      "Source": "Repository",
      "Repository": "RSPM",
      "Requirements": [
        "Matrix",
        "R",
        "cli",
        "cpp11",
        "grDevices",
        "graphics",
        "lifecycle",
        "magrittr",
        "methods",
        "pkgconfig",
        "rlang",
        "stats",
        "utils",
        "vctrs"
      ],
      "Hash": "db7352c3d239d0a319d2e3d0d040ed16"
    },
    "irlba": {
      "Package": "irlba",
      "Version": "2.3.5.1",
      "Source": "Repository",
      "Repository": "RSPM",
      "Requirements": [
        "Matrix",
        "R",
        "methods",
        "stats"
      ],
      "Hash": "acb06a47b732c6251afd16e19c3201ff"
    },
    "isoband": {
      "Package": "isoband",
      "Version": "0.2.7",
      "Source": "Repository",
      "Repository": "RSPM",
      "Requirements": [
        "grid",
        "utils"
      ],
      "Hash": "0080607b4a1a7b28979aecef976d8bc2"
    },
    "jsonlite": {
      "Package": "jsonlite",
      "Version": "2.0.0",
      "Source": "Repository",
      "Repository": "RSPM",
      "Requirements": [
        "methods"
      ],
      "Hash": "b0776f526d36d8bd4a3344a88fe165c4"
    },
    "labeling": {
      "Package": "labeling",
      "Version": "0.4.3",
      "Source": "Repository",
      "Repository": "RSPM",
      "Requirements": [
        "graphics",
        "stats"
      ],
      "Hash": "b64ec208ac5bc1852b285f665d6368b3"
    },
    "lambda.r": {
      "Package": "lambda.r",
      "Version": "1.2.4",
      "Source": "Repository",
      "Repository": "RSPM",
      "Requirements": [
        "R",
        "formatR"
      ],
      "Hash": "b1e925c4b9ffeb901bacf812cbe9a6ad"
    },
    "lattice": {
      "Package": "lattice",
      "Version": "0.20-45",
      "Source": "Repository",
      "Repository": "CRAN",
      "Requirements": [
        "R",
        "grDevices",
        "graphics",
        "grid",
        "stats",
        "utils"
      ],
      "Hash": "b64cdbb2b340437c4ee047a1f4c4377b"
    },
    "lifecycle": {
      "Package": "lifecycle",
      "Version": "1.0.4",
      "Source": "Repository",
      "Repository": "RSPM",
      "Requirements": [
        "R",
        "cli",
        "glue",
        "rlang"
      ],
      "Hash": "b8552d117e1b808b09a832f589b79035"
    },
    "limma": {
      "Package": "limma",
      "Version": "3.54.2",
      "Source": "Bioconductor",
      "git_url": "https://git.bioconductor.org/packages/limma",
      "git_branch": "RELEASE_3_16",
      "git_last_commit": "6641c25",
      "git_last_commit_date": "2023-02-28",
      "Requirements": [
        "R",
        "grDevices",
        "graphics",
        "methods",
        "stats",
        "utils"
      ],
      "Hash": "88e1f52195c7b500f19bc0c0f536ed1e"
    },
    "locfit": {
      "Package": "locfit",
      "Version": "1.5-9.12",
      "Source": "Repository",
      "Repository": "RSPM",
      "Requirements": [
        "R",
        "lattice"
      ],
      "Hash": "23be15415024fa0c7c48ec613a26b4c1"
    },
    "magrittr": {
      "Package": "magrittr",
      "Version": "2.0.3",
      "Source": "Repository",
      "Repository": "RSPM",
      "Requirements": [
        "R"
      ],
      "Hash": "7ce2733a9826b3aeb1775d56fd305472"
    },
    "matrixStats": {
      "Package": "matrixStats",
      "Version": "1.5.0",
      "Source": "Repository",
      "Repository": "RSPM",
      "Requirements": [
        "R"
      ],
      "Hash": "9fd316b52ac8c24fef4c67fdd646e965"
    },
    "memoise": {
      "Package": "memoise",
      "Version": "2.0.1",
      "Source": "Repository",
      "Repository": "RSPM",
      "Requirements": [
        "cachem",
        "rlang"
      ],
      "Hash": "e2817ccf4a065c5d9d7f2cfbe7c1d78c"
    },
    "metapod": {
      "Package": "metapod",
      "Version": "1.6.0",
      "Source": "Bioconductor",
      "git_url": "https://git.bioconductor.org/packages/metapod",
      "git_branch": "RELEASE_3_16",
      "git_last_commit": "cfeaa95",
      "git_last_commit_date": "2022-11-01",
      "Requirements": [
        "Rcpp"
      ],
      "Hash": "11e50591534d0c37308c8ddb56bf0ae0"
    },
    "mgcv": {
      "Package": "mgcv",
      "Version": "1.8-42",
      "Source": "Repository",
      "Repository": "RSPM",
      "Requirements": [
        "Matrix",
        "R",
        "graphics",
        "methods",
        "nlme",
        "splines",
        "stats",
        "utils"
      ],
      "Hash": "3460beba7ccc8946249ba35327ba902a"
    },
    "mime": {
      "Package": "mime",
      "Version": "0.13",
      "Source": "Repository",
      "Repository": "RSPM",
      "Requirements": [
        "tools"
      ],
      "Hash": "0ec19f34c72fab674d8f2b4b1c6410e1"
    },
    "nlme": {
      "Package": "nlme",
      "Version": "3.1-162",
      "Source": "Repository",
      "Repository": "RSPM",
      "Requirements": [
        "R",
        "graphics",
        "lattice",
        "stats",
        "utils"
      ],
      "Hash": "0984ce8da8da9ead8643c5cbbb60f83e"
    },
    "openssl": {
      "Package": "openssl",
      "Version": "2.3.3",
      "Source": "Repository",
      "Repository": "RSPM",
      "Requirements": [
        "askpass"
      ],
      "Hash": "05ce1ed077e8c97fbb3ec1cb078f1159"
    },
    "org.Hs.eg.db": {
      "Package": "org.Hs.eg.db",
      "Version": "3.16.0",
      "Source": "Bioconductor",
      "Requirements": [
        "AnnotationDbi",
        "R",
        "methods"
      ],
      "Hash": "e22193c47c891d1a011dade7f262cc65"
    },
    "org.Mm.eg.db": {
      "Package": "org.Mm.eg.db",
      "Version": "3.16.0",
      "Source": "Bioconductor",
      "Requirements": [
        "AnnotationDbi",
        "R",
        "methods"
      ],
      "Hash": "f03f94839b1db9ef14042e62135f0bb5"
    },
    "pillar": {
      "Package": "pillar",
      "Version": "1.11.0",
      "Source": "Repository",
      "Repository": "RSPM",
      "Requirements": [
        "cli",
        "glue",
        "lifecycle",
        "rlang",
        "utf8",
        "utils",
        "vctrs"
      ],
      "Hash": "10344e4bdafc6725ed83c3d6b756f4d9"
    },
    "pkgconfig": {
      "Package": "pkgconfig",
      "Version": "2.0.3",
      "Source": "Repository",
      "Repository": "RSPM",
      "Requirements": [
        "utils"
      ],
      "Hash": "01f28d4278f15c76cddbea05899c5d6f"
    },
    "plogr": {
      "Package": "plogr",
      "Version": "0.2.0",
      "Source": "Repository",
      "Repository": "RSPM",
      "Hash": "09eb987710984fc2905c7129c7d85e65"
    },
    "png": {
      "Package": "png",
      "Version": "0.1-8",
      "Source": "Repository",
      "Repository": "RSPM",
      "Requirements": [
        "R"
      ],
      "Hash": "bd54ba8a0a5faded999a7aab6e46b374"
    },
    "prettyunits": {
      "Package": "prettyunits",
      "Version": "1.2.0",
      "Source": "Repository",
      "Repository": "RSPM",
      "Requirements": [
        "R"
      ],
      "Hash": "6b01fc98b1e86c4f705ce9dcfd2f57c7"
    },
    "progress": {
      "Package": "progress",
      "Version": "1.2.3",
      "Source": "Repository",
      "Repository": "RSPM",
      "Requirements": [
        "R",
        "R6",
        "crayon",
        "hms",
        "prettyunits"
      ],
      "Hash": "f4625e061cb2865f111b47ff163a5ca6"
    },
    "purrr": {
      "Package": "purrr",
      "Version": "1.1.0",
      "Source": "Repository",
      "Repository": "RSPM",
      "Requirements": [
        "R",
        "cli",
        "lifecycle",
        "magrittr",
        "rlang",
        "vctrs"
      ],
      "Hash": "9240cfb47489133f809918a0d3cc60cb"
    },
    "readr": {
      "Package": "readr",
      "Version": "2.1.5",
      "Source": "Repository",
      "Repository": "RSPM",
      "Requirements": [
        "R",
        "R6",
        "cli",
        "clipr",
        "cpp11",
        "crayon",
        "hms",
        "lifecycle",
        "methods",
        "rlang",
        "tibble",
        "tzdb",
        "utils",
        "vroom"
      ],
      "Hash": "9de96463d2117f6ac49980577939dfb3"
    },
    "renv": {
      "Package": "renv",
      "Version": "0.17.3",
      "Source": "Repository",
      "Repository": "RSPM",
      "Requirements": [
        "utils"
      ],
      "Hash": "4543b8cd233ae25c6aba8548be9e747e"
    },
    "rhdf5": {
      "Package": "rhdf5",
      "Version": "2.42.1",
      "Source": "Bioconductor",
      "git_url": "https://git.bioconductor.org/packages/rhdf5",
      "git_branch": "RELEASE_3_16",
      "git_last_commit": "8df5fc7",
      "git_last_commit_date": "2023-04-07",
      "Requirements": [
        "R",
        "Rhdf5lib",
        "methods",
        "rhdf5filters"
      ],
      "Hash": "5c03978672acd1d85ce56f9d12f5fe5b"
    },
    "rhdf5filters": {
      "Package": "rhdf5filters",
      "Version": "1.10.1",
      "Source": "Bioconductor",
      "git_url": "https://git.bioconductor.org/packages/rhdf5filters",
      "git_branch": "RELEASE_3_16",
      "git_last_commit": "ccf950c",
      "git_last_commit_date": "2023-03-24",
      "Requirements": [
        "Rhdf5lib"
      ],
      "Hash": "63806aa966d50f02b18aba6d0d34e3c8"
    },
    "rlang": {
      "Package": "rlang",
      "Version": "1.1.6",
      "Source": "Repository",
      "Repository": "RSPM",
      "Requirements": [
        "R",
        "utils"
      ],
      "Hash": "892124978869b74935dc3934c42bfe5a"
    },
    "rsvd": {
      "Package": "rsvd",
      "Version": "1.0.5",
      "Source": "Repository",
      "Repository": "RSPM",
      "Requirements": [
        "Matrix",
        "R"
      ],
      "Hash": "b462187d887abc519894874486dbd6fd"
    },
    "scales": {
      "Package": "scales",
      "Version": "1.4.0",
      "Source": "Repository",
      "Repository": "RSPM",
      "Requirements": [
        "R",
        "R6",
        "RColorBrewer",
        "cli",
        "farver",
        "glue",
        "labeling",
        "lifecycle",
        "rlang",
        "viridisLite"
      ],
      "Hash": "c5bba8f0d1df8c4b9538a40570798d9b"
    },
    "scran": {
      "Package": "scran",
      "Version": "1.26.2",
      "Source": "Bioconductor",
      "git_url": "https://git.bioconductor.org/packages/scran",
      "git_branch": "RELEASE_3_16",
      "git_last_commit": "0cdaef6",
      "git_last_commit_date": "2023-01-19",
      "Requirements": [
        "BH",
        "BiocGenerics",
        "BiocParallel",
        "BiocSingular",
        "DelayedArray",
        "DelayedMatrixStats",
        "Matrix",
        "Rcpp",
        "S4Vectors",
        "SingleCellExperiment",
        "SummarizedExperiment",
        "beachmat",
        "bluster",
        "dqrng",
        "edgeR",
        "igraph",
        "limma",
        "metapod",
        "methods",
        "scuttle",
        "statmod",
        "stats",
        "utils"
      ],
      "Hash": "ab708ab1be42d035e6d8ef12b13ec4c9"
    },
    "scuttle": {
      "Package": "scuttle",
      "Version": "1.8.4",
      "Source": "Bioconductor",
      "git_url": "https://git.bioconductor.org/packages/scuttle",
      "git_branch": "RELEASE_3_16",
      "git_last_commit": "ac64d31",
      "git_last_commit_date": "2023-01-19",
      "Requirements": [
        "BiocGenerics",
        "BiocParallel",
        "DelayedArray",
        "DelayedMatrixStats",
        "GenomicRanges",
        "Matrix",
        "Rcpp",
        "S4Vectors",
        "SingleCellExperiment",
        "SummarizedExperiment",
        "beachmat",
        "methods",
        "stats",
        "utils"
      ],
      "Hash": "050b9dcf85319811406e1e087816c1d0"
    },
    "sitmo": {
      "Package": "sitmo",
      "Version": "2.0.2",
      "Source": "Repository",
      "Repository": "RSPM",
      "Requirements": [
        "R",
        "Rcpp"
      ],
      "Hash": "c956d93f6768a9789edbc13072b70c78"
    },
    "snow": {
      "Package": "snow",
      "Version": "0.4-4",
      "Source": "Repository",
      "Repository": "RSPM",
      "Requirements": [
        "R",
        "utils"
      ],
      "Hash": "40b74690debd20c57d93d8c246b305d4"
    },
    "sparseMatrixStats": {
      "Package": "sparseMatrixStats",
      "Version": "1.10.0",
      "Source": "Bioconductor",
      "git_url": "https://git.bioconductor.org/packages/sparseMatrixStats",
      "git_branch": "RELEASE_3_16",
      "git_last_commit": "75d85ba",
      "git_last_commit_date": "2022-11-01",
      "Requirements": [
        "Matrix",
        "MatrixGenerics",
        "Rcpp",
        "matrixStats",
        "methods"
      ],
      "Hash": "933b3f8bf04feb4d25e6512ab6e3b3c9"
    },
    "statmod": {
      "Package": "statmod",
      "Version": "1.5.0",
      "Source": "Repository",
      "Repository": "RSPM",
      "Requirements": [
        "R",
        "graphics",
        "stats"
      ],
      "Hash": "26e158d12052c279bdd4ba858b80fb1f"
    },
    "stringi": {
      "Package": "stringi",
      "Version": "1.8.7",
      "Source": "Repository",
      "Repository": "RSPM",
      "Requirements": [
        "R",
        "stats",
        "tools",
        "utils"
      ],
      "Hash": "2b56088e23bdd58f89aebf43a0913457"
    },
    "stringr": {
      "Package": "stringr",
      "Version": "1.5.1",
      "Source": "Repository",
      "Repository": "RSPM",
      "Requirements": [
        "R",
        "cli",
        "glue",
        "lifecycle",
        "magrittr",
        "rlang",
        "stringi",
        "vctrs"
      ],
      "Hash": "960e2ae9e09656611e0b8214ad543207"
    },
    "sys": {
      "Package": "sys",
      "Version": "3.4.3",
      "Source": "Repository",
      "Repository": "RSPM",
      "Hash": "de342ebfebdbf40477d0758d05426646"
    },
    "tibble": {
      "Package": "tibble",
      "Version": "3.3.0",
      "Source": "Repository",
      "Repository": "RSPM",
      "Requirements": [
        "R",
        "cli",
        "lifecycle",
        "magrittr",
        "methods",
        "pillar",
        "pkgconfig",
        "rlang",
        "utils",
        "vctrs"
      ],
      "Hash": "784b27d0801c3829de602105757b2cd7"
    },
    "tidyr": {
      "Package": "tidyr",
      "Version": "1.3.1",
      "Source": "Repository",
      "Repository": "RSPM",
      "Requirements": [
        "R",
        "cli",
        "cpp11",
        "dplyr",
        "glue",
        "lifecycle",
        "magrittr",
        "purrr",
        "rlang",
        "stringr",
        "tibble",
        "tidyselect",
        "utils",
        "vctrs"
      ],
      "Hash": "915fb7ce036c22a6a33b5a8adb712eb1"
    },
    "tidyselect": {
      "Package": "tidyselect",
      "Version": "1.2.1",
      "Source": "Repository",
      "Repository": "RSPM",
      "Requirements": [
        "R",
        "cli",
        "glue",
        "lifecycle",
        "rlang",
        "vctrs",
        "withr"
      ],
      "Hash": "829f27b9c4919c16b593794a6344d6c0"
    },
    "tzdb": {
      "Package": "tzdb",
      "Version": "0.5.0",
      "Source": "Repository",
      "Repository": "RSPM",
      "Requirements": [
        "R",
        "cpp11"
      ],
      "Hash": "09e3961e87b7bafa4a9340bbb34aeda8"
    },
    "utf8": {
      "Package": "utf8",
      "Version": "1.2.6",
      "Source": "Repository",
      "Repository": "RSPM",
      "Requirements": [
        "R"
      ],
      "Hash": "d526d558be176e9ceb68c3d1e83479b7"
    },
    "vctrs": {
      "Package": "vctrs",
      "Version": "0.6.5",
      "Source": "Repository",
      "Repository": "RSPM",
      "Requirements": [
        "R",
        "cli",
        "glue",
        "lifecycle",
        "rlang"
      ],
      "Hash": "c03fa420630029418f7e6da3667aac4a"
    },
    "viridisLite": {
      "Package": "viridisLite",
      "Version": "0.4.2",
      "Source": "Repository",
      "Repository": "RSPM",
      "Requirements": [
        "R"
      ],
      "Hash": "c826c7c4241b6fc89ff55aaea3fa7491"
    },
    "vroom": {
      "Package": "vroom",
      "Version": "1.6.5",
      "Source": "Repository",
      "Repository": "RSPM",
      "Requirements": [
        "R",
        "bit64",
        "cli",
        "cpp11",
        "crayon",
        "glue",
        "hms",
        "lifecycle",
        "methods",
        "progress",
        "rlang",
        "stats",
        "tibble",
        "tidyselect",
        "tzdb",
        "vctrs",
        "withr"
      ],
      "Hash": "390f9315bc0025be03012054103d227c"
    },
    "withr": {
      "Package": "withr",
      "Version": "3.0.2",
      "Source": "Repository",
      "Repository": "RSPM",
      "Requirements": [
        "R",
        "grDevices",
        "graphics"
      ],
      "Hash": "cc2d62c76458d425210d1eb1478b30b4"
    },
    "zlibbioc": {
      "Package": "zlibbioc",
      "Version": "1.44.0",
      "Source": "Bioconductor",
      "git_url": "https://git.bioconductor.org/packages/zlibbioc",
      "git_branch": "RELEASE_3_16",
      "git_last_commit": "d39f0b0",
      "git_last_commit_date": "2022-11-01",
      "Hash": "6f578730acbdfc7ce2ca49df29bb5352"
    }
  }
}
